
Microsoft Visual Studio Solution File, Format Version 12.00
# Visual Studio Version 17
VisualStudioVersion = 17.14.36310.24 d17.14
MinimumVisualStudioVersion = 10.0.40219.1
Project("{FAE04EC0-301F-11D3-BF4B-00C04F79EFBC}") = "UnitTestProject.Tests", "UnitTestProject.Tests.csproj", "{5EF61BF4-DD65-4C3B-A339-94E37CCB7CB9}"
EndProject
Project("{FAE04EC0-301F-11D3-BF4B-00C04F79EFBC}") = "ProjectForTesting", "..\UnitTestProject\ProjectForTesting.csproj", "{8C448456-B263-1E16-2599-A4FB789DE865}"
EndProject
Global
	GlobalSection(SolutionConfigurationPlatforms) = preSolution
		Debug|Any CPU = Debug|Any CPU
		Release|Any CPU = Release|Any CPU
	EndGlobalSection
	GlobalSection(ProjectConfigurationPlatforms) = postSolution
		{5EF61BF4-DD65-4C3B-A339-94E37CCB7CB9}.Debug|Any CPU.ActiveCfg = Debug|Any CPU
		{5EF61BF4-DD65-4C3B-A339-94E37CCB7CB9}.Debug|Any CPU.Build.0 = Debug|Any CPU
		{5EF61BF4-DD65-4C3B-A339-94E37CCB7CB9}.Release|Any CPU.ActiveCfg = Release|Any CPU
		{5EF61BF4-DD65-4C3B-A339-94E37CCB7CB9}.Release|Any CPU.Build.0 = Release|Any CPU
		{8C448456-B263-1E16-2599-A4FB789DE865}.Debug|Any CPU.ActiveCfg = Debug|Any CPU
		{8C448456-B263-1E16-2599-A4FB789DE865}.Debug|Any CPU.Build.0 = Debug|Any CPU
		{8C448456-B263-1E16-2599-A4FB789DE865}.Release|Any CPU.ActiveCfg = Release|Any CPU
		{8C448456-B263-1E16-2599-A4FB789DE865}.Release|Any CPU.Build.0 = Release|Any CPU
	EndGlobalSection
	GlobalSection(SolutionProperties) = preSolution
		HideSolutionNode = FALSE
	EndGlobalSection
	GlobalSection(ExtensibilityGlobals) = postSolution
		SolutionGuid = {9861B10A-4243-40B4-9959-2415F864877E}
	EndGlobalSection
EndGlobal
